hash: 349b5dbb606f9ca5531e30b6b7af85d1fdf18ad0f93ed7f230eb84f255d158ca
updated: 2018-11-16T01:47:30.084790244-05:00
imports:
- name: github.com/apcera/termtables
  version: bcbc5dc54055d14996b256d348fb75cc6debe282
  subpackages:
  - term
- name: github.com/c2h5oh/datasize
  version: 4eba002a5eaea69cf8d235a388fc6b65ae68d2dd
- name: github.com/cavaliercoder/grab
  version: 2c8601de6d9ac140430fd4c9de28509a0b855af5
- name: github.com/fredli74/lockfile
  version: 92f5e1efe5d6b3cdaabe557eb9d474912447be0e
- name: github.com/fsnotify/fsnotify
  version: ccc981bf80385c528a65fbfdd49bf2d8da22aa23
- name: github.com/gen2brain/beeep
  version: 4e430518395f1fa4d699f30e8d9420218dd311cd
- name: github.com/gilliek/go-opml
  version: 279548d83dbbcf188d8848fb660b1df56145c66a
  subpackages:
  - opml
- name: github.com/godbus/dbus
  version: 2ff6f7ffd60f0f2410b3105864bdd12c7894f844
- name: github.com/gopherjs/gopherjs
  version: d547d1d9531ed93dbdebcbff7f83e7c876a1e0ee
  subpackages:
  - js
- name: github.com/gopherjs/gopherwasm
  version: 9c36104a24b8823669aeec409d3d05c372206fac
  subpackages:
  - js
- name: github.com/hashicorp/hcl
  version: 65a6292f0157eff210d03ed1bf6c59b190b8b906
  subpackages:
  - hcl/ast
  - hcl/parser
  - hcl/printer
  - hcl/scanner
  - hcl/strconv
  - hcl/token
  - json/parser
  - json/scanner
  - json/token
- name: github.com/inconshreveable/mousetrap
  version: 76626ae9c91c4f2a10f34cad8ce83ea42c93bb75
- name: github.com/jinzhu/gorm
  version: 472c70caa40267cb89fd8facb07fe6454b578626
  subpackages:
  - dialects/sqlite
- name: github.com/jinzhu/inflection
  version: 04140366298a54a039076d798123ffa108fff46c
- name: github.com/juju/deputy
  version: 5e10e7deaf1c0400371eadef102f28f82e5aaa53
- name: github.com/kennygrant/sanitize
  version: 06ec0d0dbcd497d01e5189b16f5263f712e61a8e
- name: github.com/magiconair/properties
  version: c2353362d570a7bfa228149c62842019201cfb71
- name: github.com/mattn/go-pkg-rss
  version: cb3c88c0b82e6cb1691c2620beda2a44f43d4217
- name: github.com/mattn/go-pkg-xmlx
  version: db53493302d1dfcc6b9f16016e3c43cedaf5213d
- name: github.com/mattn/go-runewidth
  version: 14207d285c6c197daabb5c9793d63e7af9ab2d50
  repo: https://github.com/mattn/go-runewidth
- name: github.com/mattn/go-sqlite3
  version: eed79b86572f203cc92e92048ba06b56a8ca06e8
- name: github.com/mitchellh/mapstructure
  version: 3536a929edddb9a5b34bd6861dc4a9647cb459fe
- name: github.com/nu7hatch/gouuid
  version: 179d4d0c4d8d407a32af483c2354df1d2c91e6c3
- name: github.com/pelletier/go-toml
  version: aa79e12a973495d00b01f2353330e5275d084731
- name: github.com/spf13/afero
  version: d40851caa0d747393da1ffb28f7f9d8b4eeffebd
  subpackages:
  - mem
- name: github.com/spf13/cast
  version: 8c9545af88b134710ab1cd196795e7f2388358d7
- name: github.com/spf13/cobra
  version: fe5e611709b0c57fa4a89136deaa8e1d4004d053
- name: github.com/spf13/jwalterweatherman
  version: 94f6ae3ed3bceceafa716478c5fbf8d29ca601a1
- name: github.com/spf13/pflag
  version: aea12ed6721610dc6ed40141676d7ab0a1dac9e9
- name: github.com/spf13/viper
  version: ae103d7e593e371c69e832d5eb3347e2b80cbbc9
- name: golang.org/x/net
  version: adae6a3d119ae4890b46832a2e88a95adc62b8e7
  subpackages:
  - html
  - html/atom
- name: golang.org/x/sys
  version: 66b7b1311ac80bbafcd2daeef9a5e6e2cd1e2399
  subpackages:
  - unix
  - windows
  - windows/registry
- name: golang.org/x/text
  version: 6f44c5a2ea40ee3593d98cdcc905cc1fdaa660e2
  subpackages:
  - transform
  - unicode/norm
- name: gopkg.in/caarlos0/gohome.v1
  version: 4c1ead82a43cdf5407b2aee4c8213cafcaf4bc42
- name: gopkg.in/toast.v1
  version: 0a84660828b24d25b35525c9a1f1f51267f8da91
- name: gopkg.in/yaml.v2
  version: 5420a8b6744d3b0345ab293f6fcba19c978f1183
testImports: []
